// !$*UTF8*$!
{
	archiveVersion = 1;
	classes = {
	};
	objectVersion = 56;
	objects = {

/* Begin PBXBuildFile section */
		28F4A52E29B4BD26008AFB59 /* AppDelegate.swift in Sources */ = {isa = PBXBuildFile; fileRef = 28F4A52D29B4BD26008AFB59 /* AppDelegate.swift */; };
		28F4A53029B4BD26008AFB59 /* SceneDelegate.swift in Sources */ = {isa = PBXBuildFile; fileRef = 28F4A52F29B4BD26008AFB59 /* SceneDelegate.swift */; };
		28F4A53229B4BD26008AFB59 /* ViewController.swift in Sources */ = {isa = PBXBuildFile; fileRef = 28F4A53129B4BD26008AFB59 /* ViewController.swift */; };
		28F4A53529B4BD26008AFB59 /* Main.storyboard in Resources */ = {isa = PBXBuildFile; fileRef = 28F4A53329B4BD26008AFB59 /* Main.storyboard */; };
		28F4A53829B4BD26008AFB59 /* Al_s_veris_Listesi.xcdatamodeld in Sources */ = {isa = PBXBuildFile; fileRef = 28F4A53629B4BD26008AFB59 /* Al_s_veris_Listesi.xcdatamodeld */; };
		28F4A53A29B4BD26008AFB59 /* Assets.xcassets in Resources */ = {isa = PBXBuildFile; fileRef = 28F4A53929B4BD26008AFB59 /* Assets.xcassets */; };
		28F4A53D29B4BD26008AFB59 /* LaunchScreen.storyboard in Resources */ = {isa = PBXBuildFile; fileRef = 28F4A53B29B4BD26008AFB59 /* LaunchScreen.storyboard */; };
		28F4A54529B4CD1A008AFB59 /* DetailsViewController.swift in Sources */ = {isa = PBXBuildFile; fileRef = 28F4A54429B4CD1A008AFB59 /* DetailsViewController.swift */; };
/* End PBXBuildFile section */

/* Begin PBXFileReference section */
		28F4A52A29B4BD26008AFB59 /* AlışverişListesi.app */ = {isa = PBXFileReference; explicitFileType = wrapper.application; includeInIndex = 0; path = "AlışverişListesi.app"; sourceTree = BUILT_PRODUCTS_DIR; };
		28F4A52D29B4BD26008AFB59 /* AppDelegate.swift */ = {isa = PBXFileReference; lastKnownFileType = sourcecode.swift; path = AppDelegate.swift; sourceTree = "<group>"; };
		28F4A52F29B4BD26008AFB59 /* SceneDelegate.swift */ = {isa = PBXFileReference; lastKnownFileType = sourcecode.swift; path = SceneDelegate.swift; sourceTree = "<group>"; };
		28F4A53129B4BD26008AFB59 /* ViewController.swift */ = {isa = PBXFileReference; lastKnownFileType = sourcecode.swift; path = ViewController.swift; sourceTree = "<group>"; };
		28F4A53429B4BD26008AFB59 /* Base */ = {isa = PBXFileReference; lastKnownFileType = file.storyboard; name = Base; path = Base.lproj/Main.storyboard; sourceTree = "<group>"; };
		28F4A53729B4BD26008AFB59 /* Al_s_veris_Listesi.xcdatamodel */ = {isa = PBXFileReference; lastKnownFileType = wrapper.xcdatamodel; path = Al_s_veris_Listesi.xcdatamodel; sourceTree = "<group>"; };
		28F4A53929B4BD26008AFB59 /* Assets.xcassets */ = {isa = PBXFileReference; lastKnownFileType = folder.assetcatalog; path = Assets.xcassets; sourceTree = "<group>"; };
		28F4A53C29B4BD26008AFB59 /* Base */ = {isa = PBXFileReference; lastKnownFileType = file.storyboard; name = Base; path = Base.lproj/LaunchScreen.storyboard; sourceTree = "<group>"; };
		28F4A53E29B4BD26008AFB59 /* Info.plist */ = {isa = PBXFileReference; lastKnownFileType = text.plist.xml; path = Info.plist; sourceTree = "<group>"; };
		28F4A54429B4CD1A008AFB59 /* DetailsViewController.swift */ = {isa = PBXFileReference; lastKnownFileType = sourcecode.swift; path = DetailsViewController.swift; sourceTree = "<group>"; };
/* End PBXFileReference section */

/* Begin PBXFrameworksBuildPhase section */
		28F4A52729B4BD26008AFB59 /* Frameworks */ = {
			isa = PBXFrameworksBuildPhase;
			buildActionMask = 2147483647;
			files = (
			);
			runOnlyForDeploymentPostprocessing = 0;
		};
/* End PBXFrameworksBuildPhase section */

/* Begin PBXGroup section */
		28F4A52129B4BD26008AFB59 = {
			isa = PBXGroup;
			children = (
				28F4A52C29B4BD26008AFB59 /* AlışverişListesi */,
				28F4A52B29B4BD26008AFB59 /* Products */,
			);
			sourceTree = "<group>";
		};
		28F4A52B29B4BD26008AFB59 /* Products */ = {
			isa = PBXGroup;
			children = (
				28F4A52A29B4BD26008AFB59 /* AlışverişListesi.app */,
			);
			name = Products;
			sourceTree = "<group>";
		};
		28F4A52C29B4BD26008AFB59 /* AlışverişListesi */ = {
			isa = PBXGroup;
			children = (
				28F4A52D29B4BD26008AFB59 /* AppDelegate.swift */,
				28F4A52F29B4BD26008AFB59 /* SceneDelegate.swift */,
				28F4A53129B4BD26008AFB59 /* ViewController.swift */,
				28F4A54429B4CD1A008AFB59 /* DetailsViewController.swift */,
				28F4A53329B4BD26008AFB59 /* Main.storyboard */,
				28F4A53929B4BD26008AFB59 /* Assets.xcassets */,
				28F4A53B29B4BD26008AFB59 /* LaunchScreen.storyboard */,
				28F4A53E29B4BD26008AFB59 /* Info.plist */,
				28F4A53629B4BD26008AFB59 /* Al_s_veris_Listesi.xcdatamodeld */,
			);
			path = "AlışverişListesi";
			sourceTree = "<group>";
		};
/* End PBXGroup section */

/* Begin PBXNativeTarget section */
		28F4A52929B4BD26008AFB59 /* AlışverişListesi */ = {
			isa = PBXNativeTarget;
			buildConfigurationList = 28F4A54129B4BD26008AFB59 /* Build configuration list for PBXNativeTarget "AlışverişListesi" */;
			buildPhases = (
				28F4A52629B4BD26008AFB59 /* Sources */,
				28F4A52729B4BD26008AFB59 /* Frameworks */,
				28F4A52829B4BD26008AFB59 /* Resources */,
			);
			buildRules = (
			);
			dependencies = (
			);
			name = "AlışverişListesi";
			productName = "AlışverişListesi";
			productReference = 28F4A52A29B4BD26008AFB59 /* AlışverişListesi.app */;
			productType = "com.apple.product-type.application";
		};
/* End PBXNativeTarget section */

/* Begin PBXProject section */
		28F4A52229B4BD26008AFB59 /* Project object */ = {
			isa = PBXProject;
			attributes = {
				BuildIndependentTargetsInParallel = 1;
				LastSwiftUpdateCheck = 1420;
				LastUpgradeCheck = 1420;
				TargetAttributes = {
					28F4A52929B4BD26008AFB59 = {
						CreatedOnToolsVersion = 14.2;
					};
				};
			};
			buildConfigurationList = 28F4A52529B4BD26008AFB59 /* Build configuration list for PBXProject "AlışverişListesi" */;
			compatibilityVersion = "Xcode 14.0";
			developmentRegion = en;
			hasScannedForEncodings = 0;
			knownRegions = (
				en,
				Base,
			);
			mainGroup = 28F4A52129B4BD26008AFB59;
			productRefGroup = 28F4A52B29B4BD26008AFB59 /* Products */;
			projectDirPath = "";
			projectRoot = "";
			targets = (
				28F4A52929B4BD26008AFB59 /* AlışverişListesi */,
			);
		};
/* End PBXProject section */

/* Begin PBXResourcesBuildPhase section */
		28F4A52829B4BD26008AFB59 /* Resources */ = {
			isa = PBXResourcesBuildPhase;
			buildActionMask = 2147483647;
			files = (
				28F4A53D29B4BD26008AFB59 /* LaunchScreen.storyboard in Resources */,
				28F4A53A29B4BD26008AFB59 /* Assets.xcassets in Resources */,
				28F4A53529B4BD26008AFB59 /* Main.storyboard in Resources */,
			);
			runOnlyForDeploymentPostprocessing = 0;
		};
/* End PBXResourcesBuildPhase section */

/* Begin PBXSourcesBuildPhase section */
		28F4A52629B4BD26008AFB59 /* Sources */ = {
			isa = PBXSourcesBuildPhase;
			buildActionMask = 2147483647;
			files = (
				28F4A53229B4BD26008AFB59 /* ViewController.swift in Sources */,
				28F4A52E29B4BD26008AFB59 /* AppDelegate.swift in Sources */,
				28F4A53829B4BD26008AFB59 /* Al_s_veris_Listesi.xcdatamodeld in Sources */,
				28F4A53029B4BD26008AFB59 /* SceneDelegate.swift in Sources */,
				28F4A54529B4CD1A008AFB59 /* DetailsViewController.swift in Sources */,
			);
			runOnlyForDeploymentPostprocessing = 0;
		};
/* End PBXSourcesBuildPhase section */

/* Begin PBXVariantGroup section */
		28F4A53329B4BD26008AFB59 /* Main.storyboard */ = {
			isa = PBXVariantGroup;
			children = (
				28F4A53429B4BD26008AFB59 /* Base */,
			);
			name = Main.storyboard;
			sourceTree = "<group>";
		};
		28F4A53B29B4BD26008AFB59 /* LaunchScreen.storyboard */ = {
			isa = PBXVariantGroup;
			children = (
				28F4A53C29B4BD26008AFB59 /* Base */,
			);
			name = LaunchScreen.storyboard;
			sourceTree = "<group>";
		};
/* End PBXVariantGroup section */

/* Begin XCBuildConfiguration section */
		28F4A53F29B4BD26008AFB59 /* Debug */ = {
			isa = XCBuildConfiguration;
			buildSettings = {
				ALWAYS_SEARCH_USER_PATHS = NO;
				CLANG_ANALYZER_NONNULL = YES;
				CLANG_ANALYZER_NUMBER_OBJECT_CONVERSION = YES_AGGRESSIVE;
				CLANG_CXX_LANGUAGE_STANDARD = "gnu++20";
				CLANG_ENABLE_MODULES = YES;
				CLANG_ENABLE_OBJC_ARC = YES;
				CLANG_ENABLE_OBJC_WEAK = YES;
				CLANG_WARN_BLOCK_CAPTURE_AUTORELEASING = YES;
				CLANG_WARN_BOOL_CONVERSION = YES;
				CLANG_WARN_COMMA = YES;
				CLANG_WARN_CONSTANT_CONVERSION = YES;
				CLANG_WARN_DEPRECATED_OBJC_IMPLEMENTATIONS = YES;
				CLANG_WARN_DIRECT_OBJC_ISA_USAGE = YES_ERROR;
				CLANG_WARN_DOCUMENTATION_COMMENTS = YES;
				CLANG_WARN_EMPTY_BODY = YES;
				CLANG_WARN_ENUM_CONVERSION = YES;
				CLANG_WARN_INFINITE_RECURSION = YES;
				CLANG_WARN_INT_CONVERSION = YES;
				CLANG_WARN_NON_LITERAL_NULL_CONVERSION = YES;
				CLANG_WARN_OBJC_IMPLICIT_RETAIN_SELF = YES;
				CLANG_WARN_OBJC_LITERAL_CONVERSION = YES;
				CLANG_WARN_OBJC_ROOT_CLASS = YES_ERROR;
				CLANG_WARN_QUOTED_INCLUDE_IN_FRAMEWORK_HEADER = YES;
				CLANG_WARN_RANGE_LOOP_ANALYSIS = YES;
				CLANG_WARN_STRICT_PROTOTYPES = YES;
				CLANG_WARN_SUSPICIOUS_MOVE = YES;
				CLANG_WARN_UNGUARDED_AVAILABILITY = YES_AGGRESSIVE;
				CLANG_WARN_UNREACHABLE_CODE = YES;
				CLANG_WARN__DUPLICATE_METHOD_MATCH = YES;
				COPY_PHASE_STRIP = NO;
				DEBUG_INFORMATION_FORMAT = dwarf;
				ENABLE_STRICT_OBJC_MSGSEND = YES;
				ENABLE_TESTABILITY = YES;
				GCC_C_LANGUAGE_STANDARD = gnu11;
				GCC_DYNAMIC_NO_PIC = NO;
				GCC_NO_COMMON_BLOCKS = YES;
				GCC_OPTIMIZATION_LEVEL = 0;
				GCC_PREPROCESSOR_DEFINITIONS = (
					"DEBUG=1",
					"$(inherited)",
				);
				GCC_WARN_64_TO_32_BIT_CONVERSION = YES;
				GCC_WARN_ABOUT_RETURN_TYPE = YES_ERROR;
				GCC_WARN_UNDECLARED_SELECTOR = YES;
				GCC_WARN_UNINITIALIZED_AUTOS = YES_AGGRESSIVE;
				GCC_WARN_UNUSED_FUNCTION = YES;
				GCC_WARN_UNUSED_VARIABLE = YES;
				IPHONEOS_DEPLOYMENT_TARGET = 16.2;
				MTL_ENABLE_DEBUG_INFO = INCLUDE_SOURCE;
				MTL_FAST_MATH = YES;
				ONLY_ACTIVE_ARCH = YES;
				SDKROOT = iphoneos;
				SWIFT_ACTIVE_COMPILATION_CONDITIONS = DEBUG;
				SWIFT_OPTIMIZATION_LEVEL = "-Onone";
			};
			name = Debug;
		};
		28F4A54029B4BD26008AFB59 /* Release */ = {
			isa = XCBuildConfiguration;
			buildSettings = {
				ALWAYS_SEARCH_USER_PATHS = NO;
				CLANG_ANALYZER_NONNULL = YES;
				CLANG_ANALYZER_NUMBER_OBJECT_CONVERSION = YES_AGGRESSIVE;
				CLANG_CXX_LANGUAGE_STANDARD = "gnu++20";
				CLANG_ENABLE_MODULES = YES;
				CLANG_ENABLE_OBJC_ARC = YES;
				CLANG_ENABLE_OBJC_WEAK = YES;
				CLANG_WARN_BLOCK_CAPTURE_AUTORELEASING = YES;
				CLANG_WARN_BOOL_CONVERSION = YES;
				CLANG_WARN_COMMA = YES;
				CLANG_WARN_CONSTANT_CONVERSION = YES;
				CLANG_WARN_DEPRECATED_OBJC_IMPLEMENTATIONS = YES;
				CLANG_WARN_DIRECT_OBJC_ISA_USAGE = YES_ERROR;
				CLANG_WARN_DOCUMENTATION_COMMENTS = YES;
				CLANG_WARN_EMPTY_BODY = YES;
				CLANG_WARN_ENUM_CONVERSION = YES;
				CLANG_WARN_INFINITE_RECURSION = YES;
				CLANG_WARN_INT_CONVERSION = YES;
				CLANG_WARN_NON_LITERAL_NULL_CONVERSION = YES;
				CLANG_WARN_OBJC_IMPLICIT_RETAIN_SELF = YES;
				CLANG_WARN_OBJC_LITERAL_CONVERSION = YES;
				CLANG_WARN_OBJC_ROOT_CLASS = YES_ERROR;
				CLANG_WARN_QUOTED_INCLUDE_IN_FRAMEWORK_HEADER = YES;
				CLANG_WARN_RANGE_LOOP_ANALYSIS = YES;
				CLANG_WARN_STRICT_PROTOTYPES = YES;
				CLANG_WARN_SUSPICIOUS_MOVE = YES;
				CLANG_WARN_UNGUARDED_AVAILABILITY = YES_AGGRESSIVE;
				CLANG_WARN_UNREACHABLE_CODE = YES;
				CLANG_WARN__DUPLICATE_METHOD_MATCH = YES;
				COPY_PHASE_STRIP = NO;
				DEBUG_INFORMATION_FORMAT = "dwarf-with-dsym";
				ENABLE_NS_ASSERTIONS = NO;
				ENABLE_STRICT_OBJC_MSGSEND = YES;
				GCC_C_LANGUAGE_STANDARD = gnu11;
				GCC_NO_COMMON_BLOCKS = YES;
				GCC_WARN_64_TO_32_BIT_CONVERSION = YES;
				GCC_WARN_ABOUT_RETURN_TYPE = YES_ERROR;
				GCC_WARN_UNDECLARED_SELECTOR = YES;
				GCC_WARN_UNINITIALIZED_AUTOS = YES_AGGRESSIVE;
				GCC_WARN_UNUSED_FUNCTION = YES;
				GCC_WARN_UNUSED_VARIABLE = YES;
				IPHONEOS_DEPLOYMENT_TARGET = 16.2;
				MTL_ENABLE_DEBUG_INFO = NO;
				MTL_FAST_MATH = YES;
				SDKROOT = iphoneos;
				SWIFT_COMPILATION_MODE = wholemodule;
				SWIFT_OPTIMIZATION_LEVEL = "-O";
				VALIDATE_PRODUCT = YES;
			};
			name = Release;
		};
		28F4A54229B4BD26008AFB59 /* Debug */ = {
			isa = XCBuildConfiguration;
			buildSettings = {
				ASSETCATALOG_COMPILER_APPICON_NAME = AppIcon;
				ASSETCATALOG_COMPILER_GLOBAL_ACCENT_COLOR_NAME = AccentColor;
				CODE_SIGN_STYLE = Automatic;
				CURRENT_PROJECT_VERSION = 1;
				GENERATE_INFOPLIST_FILE = YES;
				INFOPLIST_FILE = "AlışverişListesi/Info.plist";
				INFOPLIST_KEY_UIApplicationSupportsIndirectInputEvents = YES;
				INFOPLIST_KEY_UILaunchStoryboardName = LaunchScreen;
				INFOPLIST_KEY_UIMainStoryboardFile = Main;
				INFOPLIST_KEY_UISupportedInterfaceOrientations_iPad = "UIInterfaceOrientationPortrait UIInterfaceOrientationPortraitUpsideDown UIInterfaceOrientationLandscapeLeft UIInterfaceOrientationLandscapeRight";
				INFOPLIST_KEY_UISupportedInterfaceOrientations_iPhone = "UIInterfaceOrientationPortrait UIInterfaceOrientationLandscapeLeft UIInterfaceOrientationLandscapeRight";
				LD_RUNPATH_SEARCH_PATHS = (
					"$(inherited)",
					"@executable_path/Frameworks",
				);
				MARKETING_VERSION = 1.0;
				PRODUCT_BUNDLE_IDENTIFIER = "com.burcukamilcelebi.Al-s-veris-Listesi";
				PRODUCT_NAME = "$(TARGET_NAME)";
				SWIFT_EMIT_LOC_STRINGS = YES;
				SWIFT_VERSION = 5.0;
				TARGETED_DEVICE_FAMILY = "1,2";
			};
			name = Debug;
		};
		28F4A54329B4BD26008AFB59 /* Release */ = {
			isa = XCBuildConfiguration;
			buildSettings = {
				ASSETCATALOG_COMPILER_APPICON_NAME = AppIcon;
				ASSETCATALOG_COMPILER_GLOBAL_ACCENT_COLOR_NAME = AccentColor;
				CODE_SIGN_STYLE = Automatic;
				CURRENT_PROJECT_VERSION = 1;
				GENERATE_INFOPLIST_FILE = YES;
				INFOPLIST_FILE = "AlışverişListesi/Info.plist";
				INFOPLIST_KEY_UIApplicationSupportsIndirectInputEvents = YES;
				INFOPLIST_KEY_UILaunchStoryboardName = LaunchScreen;
				INFOPLIST_KEY_UIMainStoryboardFile = Main;
				INFOPLIST_KEY_UISupportedInterfaceOrientations_iPad = "UIInterfaceOrientationPortrait UIInterfaceOrientationPortraitUpsideDown UIInterfaceOrientationLandscapeLeft UIInterfaceOrientationLandscapeRight";
				INFOPLIST_KEY_UISupportedInterfaceOrientations_iPhone = "UIInterfaceOrientationPortrait UIInterfaceOrientationLandscapeLeft UIInterfaceOrientationLandscapeRight";
				LD_RUNPATH_SEARCH_PATHS = (
					"$(inherited)",
					"@executable_path/Frameworks",
				);
				MARKETING_VERSION = 1.0;
				PRODUCT_BUNDLE_IDENTIFIER = "com.burcukamilcelebi.Al-s-veris-Listesi";
				PRODUCT_NAME = "$(TARGET_NAME)";
				SWIFT_EMIT_LOC_STRINGS = YES;
				SWIFT_VERSION = 5.0;
				TARGETED_DEVICE_FAMILY = "1,2";
			};
			name = Release;
		};
/* End XCBuildConfiguration section */

/* Begin XCConfigurationList section */
		28F4A52529B4BD26008AFB59 /* Build configuration list for PBXProject "AlışverişListesi" */ = {
			isa = XCConfigurationList;
			buildConfigurations = (
				28F4A53F29B4BD26008AFB59 /* Debug */,
				28F4A54029B4BD26008AFB59 /* Release */,
			);
			defaultConfigurationIsVisible = 0;
			defaultConfigurationName = Release;
		};
		28F4A54129B4BD26008AFB59 /* Build configuration list for PBXNativeTarget "AlışverişListesi" */ = {
			isa = XCConfigurationList;
			buildConfigurations = (
				28F4A54229B4BD26008AFB59 /* Debug */,
				28F4A54329B4BD26008AFB59 /* Release */,
			);
			defaultConfigurationIsVisible = 0;
			defaultConfigurationName = Release;
		};
/* End XCConfigurationList section */

/* Begin XCVersionGroup section */
		28F4A53629B4BD26008AFB59 /* Al_s_veris_Listesi.xcdatamodeld */ = {
			isa = XCVersionGroup;
			children = (
				28F4A53729B4BD26008AFB59 /* Al_s_veris_Listesi.xcdatamodel */,
			);
			currentVersion = 28F4A53729B4BD26008AFB59 /* Al_s_veris_Listesi.xcdatamodel */;
			path = Al_s_veris_Listesi.xcdatamodeld;
			sourceTree = "<group>";
			versionGroupType = wrapper.xcdatamodel;
		};
/* End XCVersionGroup section */
	};
	rootObject = 28F4A52229B4BD26008AFB59 /* Project object */;
}
